PATH
  remote: /Users/Shared/zeevex/src/github/zxgems/ar_inception
  specs:
    ar_inception (0.1.0)

GEM
  remote: https://rubygems.org/
  specs:
    activemodel (4.0.0)
      activesupport (= 4.0.0)
      builder (~> 3.1.0)
    activerecord (4.0.0)
      activemodel (= 4.0.0)
      activerecord-deprecated_finders (~> 1.0.2)
      activesupport (= 4.0.0)
      arel (~> 4.0.0)
    activerecord-deprecated_finders (1.0.3)
    activerecord-jdbc-adapter (1.3.6)
      activerecord (>= 2.2)
    activerecord-jdbcmysql-adapter (1.3.6)
      activerecord-jdbc-adapter (~> 1.3.6)
      jdbc-mysql (>= 5.1.22)
    activesupport (4.0.0)
      i18n (~> 0.6, >= 0.6.4)
      minitest (~> 4.2)
      multi_json (~> 1.3)
      thread_safe (~> 0.1)
      tzinfo (~> 0.3.37)
    appraisal (0.5.2)
      bundler
      rake
    arel (4.0.2)
    atomic (1.1.15)
    atomic (1.1.15-java)
    builder (3.1.4)
    diff-lcs (1.2.5)
    i18n (0.6.9)
    jdbc-mysql (5.1.28)
    minitest (4.7.5)
    multi_json (1.9.0)
    mysql (2.9.1)
    rake (10.1.1)
    rspec (2.14.1)
      rspec-core (~> 2.14.0)
      rspec-expectations (~> 2.14.0)
      rspec-mocks (~> 2.14.0)
    rspec-core (2.14.8)
    rspec-expectations (2.14.5)
      diff-lcs (>= 1.1.3, < 2.0)
    rspec-mocks (2.14.6)
    thread_safe (0.2.0)
      atomic (>= 1.1.7, < 2)
    thread_safe (0.2.0-java)
      atomic (>= 1.1.7, < 2)
    tzinfo (0.3.38)

PLATFORMS
  java
  ruby

DEPENDENCIES
  activerecord (= 4.0.0)
  activerecord-jdbc-adapter
  activerecord-jdbcmysql-adapter
  activesupport (= 4.0.0)
  appraisal
  ar_inception!
  jdbc-mysql
  mysql
  rake
  rspec (>= 2.9.0)
